
Microsoft Visual Studio Solution File, Format Version 12.00
# Visual Studio Version 17
VisualStudioVersion = 17.5.33516.290
MinimumVisualStudioVersion = 10.0.40219.1
Project("{FAE04EC0-301F-11D3-BF4B-00C04F79EFBC}") = "RunningHillTest.API", "RunningHillTest.API.csproj", "{A357461D-93BF-4998-B066-91EB7BF21499}"
EndProject
Project("{FAE04EC0-301F-11D3-BF4B-00C04F79EFBC}") = "RunningHillTest.Application", "..\RunningHillTest.Application\RunningHillTest.Application.csproj", "{61E0DD6A-33C5-41F4-87FD-81572BA61C2F}"
EndProject
Project("{FAE04EC0-301F-11D3-BF4B-00C04F79EFBC}") = "RunningHillTest.Domain", "..\RunningHillTest.Domain\RunningHillTest.Domain.csproj", "{379FBCF2-6B47-4D7D-9F80-27F16CEAF927}"
EndProject
Project("{FAE04EC0-301F-11D3-BF4B-00C04F79EFBC}") = "RunningHillTest.Infrastracture", "..\RunningHillTest.Infrastracture\RunningHillTest.Infrastracture.csproj", "{1DF04CF2-D6DE-40CC-B9EC-8C51A83A432F}"
EndProject
Project("{FAE04EC0-301F-11D3-BF4B-00C04F79EFBC}") = "RunningHillTest.IoC", "..\RunningHillTest.IoC\RunningHillTest.IoC.csproj", "{B6D8EFCC-0DA5-4E65-803F-21864398B80E}"
EndProject
Global
	GlobalSection(SolutionConfigurationPlatforms) = preSolution
		Debug|Any CPU = Debug|Any CPU
		Release|Any CPU = Release|Any CPU
	EndGlobalSection
	GlobalSection(ProjectConfigurationPlatforms) = postSolution
		{A357461D-93BF-4998-B066-91EB7BF21499}.Debug|Any CPU.ActiveCfg = Debug|Any CPU
		{A357461D-93BF-4998-B066-91EB7BF21499}.Debug|Any CPU.Build.0 = Debug|Any CPU
		{A357461D-93BF-4998-B066-91EB7BF21499}.Release|Any CPU.ActiveCfg = Release|Any CPU
		{A357461D-93BF-4998-B066-91EB7BF21499}.Release|Any CPU.Build.0 = Release|Any CPU
		{61E0DD6A-33C5-41F4-87FD-81572BA61C2F}.Debug|Any CPU.ActiveCfg = Debug|Any CPU
		{61E0DD6A-33C5-41F4-87FD-81572BA61C2F}.Debug|Any CPU.Build.0 = Debug|Any CPU
		{61E0DD6A-33C5-41F4-87FD-81572BA61C2F}.Release|Any CPU.ActiveCfg = Release|Any CPU
		{61E0DD6A-33C5-41F4-87FD-81572BA61C2F}.Release|Any CPU.Build.0 = Release|Any CPU
		{379FBCF2-6B47-4D7D-9F80-27F16CEAF927}.Debug|Any CPU.ActiveCfg = Debug|Any CPU
		{379FBCF2-6B47-4D7D-9F80-27F16CEAF927}.Debug|Any CPU.Build.0 = Debug|Any CPU
		{379FBCF2-6B47-4D7D-9F80-27F16CEAF927}.Release|Any CPU.ActiveCfg = Release|Any CPU
		{379FBCF2-6B47-4D7D-9F80-27F16CEAF927}.Release|Any CPU.Build.0 = Release|Any CPU
		{1DF04CF2-D6DE-40CC-B9EC-8C51A83A432F}.Debug|Any CPU.ActiveCfg = Debug|Any CPU
		{1DF04CF2-D6DE-40CC-B9EC-8C51A83A432F}.Debug|Any CPU.Build.0 = Debug|Any CPU
		{1DF04CF2-D6DE-40CC-B9EC-8C51A83A432F}.Release|Any CPU.ActiveCfg = Release|Any CPU
		{1DF04CF2-D6DE-40CC-B9EC-8C51A83A432F}.Release|Any CPU.Build.0 = Release|Any CPU
		{B6D8EFCC-0DA5-4E65-803F-21864398B80E}.Debug|Any CPU.ActiveCfg = Debug|Any CPU
		{B6D8EFCC-0DA5-4E65-803F-21864398B80E}.Debug|Any CPU.Build.0 = Debug|Any CPU
		{B6D8EFCC-0DA5-4E65-803F-21864398B80E}.Release|Any CPU.ActiveCfg = Release|Any CPU
		{B6D8EFCC-0DA5-4E65-803F-21864398B80E}.Release|Any CPU.Build.0 = Release|Any CPU
	EndGlobalSection
	GlobalSection(SolutionProperties) = preSolution
		HideSolutionNode = FALSE
	EndGlobalSection
	GlobalSection(ExtensibilityGlobals) = postSolution
		SolutionGuid = {91E3E981-DC26-467B-BE9E-064DD2B4AB7B}
	EndGlobalSection
EndGlobal
